
Microsoft Visual Studio Solution File, Format Version 12.00
# Visual Studio Version 16
VisualStudioVersion = 16.0.31702.278
MinimumVisualStudioVersion = 10.0.40219.1
Project("{FAE04EC0-301F-11D3-BF4B-00C04F79EFBC}") = "Vidly1", "Vidly1\Vidly1.csproj", "{F8827012-153D-494B-B6DC-0122C05E4E22}"
EndProject
Global
	GlobalSection(SolutionConfigurationPlatforms) = preSolution
		Debug|Any CPU = Debug|Any CPU
		Release|Any CPU = Release|Any CPU
	EndGlobalSection
	GlobalSection(ProjectConfigurationPlatforms) = postSolution
		{F8827012-153D-494B-B6DC-0122C05E4E22}.Debug|Any CPU.ActiveCfg = Debug|Any CPU
		{F8827012-153D-494B-B6DC-0122C05E4E22}.Debug|Any CPU.Build.0 = Debug|Any CPU
		{F8827012-153D-494B-B6DC-0122C05E4E22}.Release|Any CPU.ActiveCfg = Release|Any CPU
		{F8827012-153D-494B-B6DC-0122C05E4E22}.Release|Any CPU.Build.0 = Release|Any CPU
	EndGlobalSection
	GlobalSection(SolutionProperties) = preSolution
		HideSolutionNode = FALSE
	EndGlobalSection
	GlobalSection(ExtensibilityGlobals) = postSolution
		SolutionGuid = {C1D6ACBF-4DA4-4690-9A20-4A42A8EEA1E6}
	EndGlobalSection
EndGlobal
